
Microsoft Visual Studio Solution File, Format Version 12.00
# Visual Studio 2013
VisualStudioVersion = 12.0.31101.0
MinimumVisualStudioVersion = 10.0.40219.1
Project("{FAE04EC0-301F-11D3-BF4B-00C04F79EFBC}") = "Risiko-Rechner", "Risiko-Rechner\Risiko-Rechner.csproj", "{C05B17C0-8B3E-4F78-BCC8-3833CD046D1D}"
EndProject
Global
	GlobalSection(SolutionConfigurationPlatforms) = preSolution
		Debug|Any CPU = Debug|Any CPU
		Release|Any CPU = Release|Any CPU
	EndGlobalSection
	GlobalSection(ProjectConfigurationPlatforms) = postSolution
		{C05B17C0-8B3E-4F78-BCC8-3833CD046D1D}.Debug|Any CPU.ActiveCfg = Debug|Any CPU
		{C05B17C0-8B3E-4F78-BCC8-3833CD046D1D}.Debug|Any CPU.Build.0 = Debug|Any CPU
		{C05B17C0-8B3E-4F78-BCC8-3833CD046D1D}.Release|Any CPU.ActiveCfg = Release|Any CPU
		{C05B17C0-8B3E-4F78-BCC8-3833CD046D1D}.Release|Any CPU.Build.0 = Release|Any CPU
	EndGlobalSection
	GlobalSection(SolutionProperties) = preSolution
		HideSolutionNode = FALSE
	EndGlobalSection
EndGlobal
